// !$*UTF8*$!
{
	archiveVersion = 1;
	classes = {
	};
	objectVersion = 50;
	objects = {

/* Begin PBXBuildFile section */
		26ACB40622098A470093FF3F /* Bolts.framework in Frameworks */ = {isa = PBXBuildFile; fileRef = 26ACB3F12209820D0093FF3F /* Bolts.framework */; };
		26ACB40722098A470093FF3F /* FBSDKCoreKit.framework in Frameworks */ = {isa = PBXBuildFile; fileRef = 26ACB3E522097A210093FF3F /* FBSDKCoreKit.framework */; };
		26ACB40822098A470093FF3F /* FBSDKLoginKit.framework in Frameworks */ = {isa = PBXBuildFile; fileRef = 26ACB3E622097A210093FF3F /* FBSDKLoginKit.framework */; };
		26ACB40922098A470093FF3F /* FBSDKShareKit.framework in Frameworks */ = {isa = PBXBuildFile; fileRef = 26ACB3E722097A210093FF3F /* FBSDKShareKit.framework */; };
		26ACB40A22098A570093FF3F /* facebook_ios.mm in Sources */ = {isa = PBXBuildFile; fileRef = 26ACB3EC22097A600093FF3F /* facebook_ios.mm */; };
/* End PBXBuildFile section */

/* Begin PBXCopyFilesBuildPhase section */
		26ACB3FB22098A260093FF3F /* CopyFiles */ = {
			isa = PBXCopyFilesBuildPhase;
			buildActionMask = 2147483647;
			dstPath = "include/$(PRODUCT_NAME)";
			dstSubfolderSpec = 16;
			files = (
			);
			runOnlyForDeploymentPostprocessing = 0;
		};
/* End PBXCopyFilesBuildPhase section */

/* Begin PBXFileReference section */
		26ACB3E522097A210093FF3F /* FBSDKCoreKit.framework */ = {isa = PBXFileReference; lastKnownFileType = wrapper.framework; path = FBSDKCoreKit.framework; sourceTree = "<group>"; };
		26ACB3E622097A210093FF3F /* FBSDKLoginKit.framework */ = {isa = PBXFileReference; lastKnownFileType = wrapper.framework; path = FBSDKLoginKit.framework; sourceTree = "<group>"; };
		26ACB3E722097A210093FF3F /* FBSDKShareKit.framework */ = {isa = PBXFileReference; lastKnownFileType = wrapper.framework; path = FBSDKShareKit.framework; sourceTree = "<group>"; };
		26ACB3EC22097A600093FF3F /* facebook_ios.mm */ = {isa = PBXFileReference; fileEncoding = 4; lastKnownFileType = sourcecode.cpp.objcpp; path = facebook_ios.mm; sourceTree = "<group>"; };
		26ACB3F12209820D0093FF3F /* Bolts.framework */ = {isa = PBXFileReference; lastKnownFileType = wrapper.framework; path = Bolts.framework; sourceTree = "<group>"; };
		26ACB3FD22098A260093FF3F /* libslib-facebook.a */ = {isa = PBXFileReference; explicitFileType = archive.ar; includeInIndex = 0; path = "libslib-facebook.a"; sourceTree = BUILT_PRODUCTS_DIR; };
/* End PBXFileReference section */

/* Begin PBXFrameworksBuildPhase section */
		26ACB3FA22098A260093FF3F /* Frameworks */ = {
			isa = PBXFrameworksBuildPhase;
			buildActionMask = 2147483647;
			files = (
				26ACB40922098A470093FF3F /* FBSDKShareKit.framework in Frameworks */,
				26ACB40622098A470093FF3F /* Bolts.framework in Frameworks */,
				26ACB40722098A470093FF3F /* FBSDKCoreKit.framework in Frameworks */,
				26ACB40822098A470093FF3F /* FBSDKLoginKit.framework in Frameworks */,
			);
			runOnlyForDeploymentPostprocessing = 0;
		};
/* End PBXFrameworksBuildPhase section */

/* Begin PBXGroup section */
		26ACB3CF220979420093FF3F = {
			isa = PBXGroup;
			children = (
				26ACB3EB22097A600093FF3F /* src */,
				26ACB3E422097A210093FF3F /* FBSDK */,
				26ACB3DA220979420093FF3F /* Products */,
				26ACB3EE220981C40093FF3F /* Frameworks */,
			);
			sourceTree = "<group>";
		};
		26ACB3DA220979420093FF3F /* Products */ = {
			isa = PBXGroup;
			children = (
				26ACB3FD22098A260093FF3F /* libslib-facebook.a */,
			);
			name = Products;
			sourceTree = "<group>";
		};
		26ACB3E422097A210093FF3F /* FBSDK */ = {
			isa = PBXGroup;
			children = (
				26ACB3F12209820D0093FF3F /* Bolts.framework */,
				26ACB3E522097A210093FF3F /* FBSDKCoreKit.framework */,
				26ACB3E622097A210093FF3F /* FBSDKLoginKit.framework */,
				26ACB3E722097A210093FF3F /* FBSDKShareKit.framework */,
			);
			path = FBSDK;
			sourceTree = "<group>";
		};
		26ACB3EB22097A600093FF3F /* src */ = {
			isa = PBXGroup;
			children = (
				26ACB3EC22097A600093FF3F /* facebook_ios.mm */,
			);
			path = src;
			sourceTree = "<group>";
		};
		26ACB3EE220981C40093FF3F /* Frameworks */ = {
			isa = PBXGroup;
			children = (
			);
			name = Frameworks;
			sourceTree = "<group>";
		};
/* End PBXGroup section */

/* Begin PBXNativeTarget section */
		26ACB3FC22098A260093FF3F /* slib-facebook */ = {
			isa = PBXNativeTarget;
			buildConfigurationList = 26ACB40322098A260093FF3F /* Build configuration list for PBXNativeTarget "slib-facebook" */;
			buildPhases = (
				26ACB3F922098A260093FF3F /* Sources */,
				26ACB3FA22098A260093FF3F /* Frameworks */,
				26ACB3FB22098A260093FF3F /* CopyFiles */,
			);
			buildRules = (
			);
			dependencies = (
			);
			name = "slib-facebook";
			productName = SLibSocialFacebook;
			productReference = 26ACB3FD22098A260093FF3F /* libslib-facebook.a */;
			productType = "com.apple.product-type.library.static";
		};
/* End PBXNativeTarget section */

/* Begin PBXProject section */
		26ACB3D0220979420093FF3F /* Project object */ = {
			isa = PBXProject;
			attributes = {
				DefaultBuildSystemTypeForWorkspace = Original;
				LastUpgradeCheck = 1000;
				ORGANIZATIONNAME = SLIBIO;
				TargetAttributes = {
					26ACB3FC22098A260093FF3F = {
						CreatedOnToolsVersion = 10.0;
					};
				};
			};
			buildConfigurationList = 26ACB3D3220979420093FF3F /* Build configuration list for PBXProject "SLibFacebook" */;
			compatibilityVersion = "Xcode 9.3";
			developmentRegion = en;
			hasScannedForEncodings = 0;
			knownRegions = (
				en,
			);
			mainGroup = 26ACB3CF220979420093FF3F;
			productRefGroup = 26ACB3DA220979420093FF3F /* Products */;
			projectDirPath = "";
			projectRoot = "";
			targets = (
				26ACB3FC22098A260093FF3F /* slib-facebook */,
			);
		};
/* End PBXProject section */

/* Begin PBXSourcesBuildPhase section */
		26ACB3F922098A260093FF3F /* Sources */ = {
			isa = PBXSourcesBuildPhase;
			buildActionMask = 2147483647;
			files = (
				26ACB40A22098A570093FF3F /* facebook_ios.mm in Sources */,
			);
			runOnlyForDeploymentPostprocessing = 0;
		};
/* End PBXSourcesBuildPhase section */

/* Begin XCBuildConfiguration section */
		26ACB3DF220979420093FF3F /* Debug */ = {
			isa = XCBuildConfiguration;
			buildSettings = {
				ALWAYS_SEARCH_USER_PATHS = NO;
				CLANG_ANALYZER_NONNULL = YES;
				CLANG_ANALYZER_NUMBER_OBJECT_CONVERSION = YES_AGGRESSIVE;
				CLANG_CXX_LANGUAGE_STANDARD = "gnu++14";
				CLANG_CXX_LIBRARY = "libc++";
				CLANG_ENABLE_MODULES = YES;
				CLANG_ENABLE_OBJC_ARC = YES;
				CLANG_ENABLE_OBJC_WEAK = YES;
				CLANG_WARN_BLOCK_CAPTURE_AUTORELEASING = YES;
				CLANG_WARN_BOOL_CONVERSION = YES;
				CLANG_WARN_COMMA = YES;
				CLANG_WARN_CONSTANT_CONVERSION = YES;
				CLANG_WARN_DEPRECATED_OBJC_IMPLEMENTATIONS = YES;
				CLANG_WARN_DIRECT_OBJC_ISA_USAGE = YES_ERROR;
				CLANG_WARN_DOCUMENTATION_COMMENTS = YES;
				CLANG_WARN_EMPTY_BODY = YES;
				CLANG_WARN_ENUM_CONVERSION = YES;
				CLANG_WARN_INFINITE_RECURSION = YES;
				CLANG_WARN_INT_CONVERSION = YES;
				CLANG_WARN_NON_LITERAL_NULL_CONVERSION = YES;
				CLANG_WARN_OBJC_IMPLICIT_RETAIN_SELF = YES;
				CLANG_WARN_OBJC_LITERAL_CONVERSION = YES;
				CLANG_WARN_OBJC_ROOT_CLASS = YES_ERROR;
				CLANG_WARN_RANGE_LOOP_ANALYSIS = YES;
				CLANG_WARN_STRICT_PROTOTYPES = YES;
				CLANG_WARN_SUSPICIOUS_MOVE = YES;
				CLANG_WARN_UNGUARDED_AVAILABILITY = YES_AGGRESSIVE;
				CLANG_WARN_UNREACHABLE_CODE = YES;
				CLANG_WARN__DUPLICATE_METHOD_MATCH = YES;
				CODE_SIGN_IDENTITY = "iPhone Developer";
				COPY_PHASE_STRIP = NO;
				CURRENT_PROJECT_VERSION = 1;
				DEBUG_INFORMATION_FORMAT = dwarf;
				ENABLE_STRICT_OBJC_MSGSEND = YES;
				ENABLE_TESTABILITY = YES;
				GCC_C_LANGUAGE_STANDARD = gnu11;
				GCC_DYNAMIC_NO_PIC = NO;
				GCC_NO_COMMON_BLOCKS = YES;
				GCC_OPTIMIZATION_LEVEL = 0;
				GCC_PREPROCESSOR_DEFINITIONS = (
					"DEBUG=1",
					"$(inherited)",
				);
				GCC_WARN_64_TO_32_BIT_CONVERSION = YES;
				GCC_WARN_ABOUT_RETURN_TYPE = YES_ERROR;
				GCC_WARN_UNDECLARED_SELECTOR = YES;
				GCC_WARN_UNINITIALIZED_AUTOS = YES_AGGRESSIVE;
				GCC_WARN_UNUSED_FUNCTION = YES;
				GCC_WARN_UNUSED_VARIABLE = YES;
				IPHONEOS_DEPLOYMENT_TARGET = 9.0;
				MTL_ENABLE_DEBUG_INFO = INCLUDE_SOURCE;
				MTL_FAST_MATH = YES;
				ONLY_ACTIVE_ARCH = YES;
				SDKROOT = iphoneos;
				VERSIONING_SYSTEM = "apple-generic";
				VERSION_INFO_PREFIX = "";
			};
			name = Debug;
		};
		26ACB3E0220979420093FF3F /* Release */ = {
			isa = XCBuildConfiguration;
			buildSettings = {
				ALWAYS_SEARCH_USER_PATHS = NO;
				CLANG_ANALYZER_NONNULL = YES;
				CLANG_ANALYZER_NUMBER_OBJECT_CONVERSION = YES_AGGRESSIVE;
				CLANG_CXX_LANGUAGE_STANDARD = "gnu++14";
				CLANG_CXX_LIBRARY = "libc++";
				CLANG_ENABLE_MODULES = YES;
				CLANG_ENABLE_OBJC_ARC = YES;
				CLANG_ENABLE_OBJC_WEAK = YES;
				CLANG_WARN_BLOCK_CAPTURE_AUTORELEASING = YES;
				CLANG_WARN_BOOL_CONVERSION = YES;
				CLANG_WARN_COMMA = YES;
				CLANG_WARN_CONSTANT_CONVERSION = YES;
				CLANG_WARN_DEPRECATED_OBJC_IMPLEMENTATIONS = YES;
				CLANG_WARN_DIRECT_OBJC_ISA_USAGE = YES_ERROR;
				CLANG_WARN_DOCUMENTATION_COMMENTS = YES;
				CLANG_WARN_EMPTY_BODY = YES;
				CLANG_WARN_ENUM_CONVERSION = YES;
				CLANG_WARN_INFINITE_RECURSION = YES;
				CLANG_WARN_INT_CONVERSION = YES;
				CLANG_WARN_NON_LITERAL_NULL_CONVERSION = YES;
				CLANG_WARN_OBJC_IMPLICIT_RETAIN_SELF = YES;
				CLANG_WARN_OBJC_LITERAL_CONVERSION = YES;
				CLANG_WARN_OBJC_ROOT_CLASS = YES_ERROR;
				CLANG_WARN_RANGE_LOOP_ANALYSIS = YES;
				CLANG_WARN_STRICT_PROTOTYPES = YES;
				CLANG_WARN_SUSPICIOUS_MOVE = YES;
				CLANG_WARN_UNGUARDED_AVAILABILITY = YES_AGGRESSIVE;
				CLANG_WARN_UNREACHABLE_CODE = YES;
				CLANG_WARN__DUPLICATE_METHOD_MATCH = YES;
				CODE_SIGN_IDENTITY = "iPhone Developer";
				COPY_PHASE_STRIP = NO;
				CURRENT_PROJECT_VERSION = 1;
				DEBUG_INFORMATION_FORMAT = "dwarf-with-dsym";
				ENABLE_NS_ASSERTIONS = NO;
				ENABLE_STRICT_OBJC_MSGSEND = YES;
				GCC_C_LANGUAGE_STANDARD = gnu11;
				GCC_NO_COMMON_BLOCKS = YES;
				GCC_WARN_64_TO_32_BIT_CONVERSION = YES;
				GCC_WARN_ABOUT_RETURN_TYPE = YES_ERROR;
				GCC_WARN_UNDECLARED_SELECTOR = YES;
				GCC_WARN_UNINITIALIZED_AUTOS = YES_AGGRESSIVE;
				GCC_WARN_UNUSED_FUNCTION = YES;
				GCC_WARN_UNUSED_VARIABLE = YES;
				IPHONEOS_DEPLOYMENT_TARGET = 9.0;
				MTL_ENABLE_DEBUG_INFO = NO;
				MTL_FAST_MATH = YES;
				SDKROOT = iphoneos;
				VALIDATE_PRODUCT = YES;
				VERSIONING_SYSTEM = "apple-generic";
				VERSION_INFO_PREFIX = "";
			};
			name = Release;
		};
		26ACB40422098A260093FF3F /* Debug */ = {
			isa = XCBuildConfiguration;
			buildSettings = {
				CODE_SIGN_STYLE = Automatic;
				CONFIGURATION_BUILD_DIR = "${SLIB_PATH}/lib/iOS/$(CONFIGURATION)$(EFFECTIVE_PLATFORM_NAME)";
				FRAMEWORK_SEARCH_PATHS = (
					"$(inherited)",
					"$(PROJECT_DIR)/FBSDK",
				);
				HEADER_SEARCH_PATHS = "${SLIB_PATH}/include";
				OTHER_LDFLAGS = "-ObjC";
				PRODUCT_NAME = "slib-facebook";
				SKIP_INSTALL = YES;
				TARGETED_DEVICE_FAMILY = "1,2";
			};
			name = Debug;
		};
		26ACB40522098A260093FF3F /* Release */ = {
			isa = XCBuildConfiguration;
			buildSettings = {
				CODE_SIGN_STYLE = Automatic;
				CONFIGURATION_BUILD_DIR = "${SLIB_PATH}/lib/iOS/$(CONFIGURATION)$(EFFECTIVE_PLATFORM_NAME)";
				FRAMEWORK_SEARCH_PATHS = (
					"$(inherited)",
					"$(PROJECT_DIR)/FBSDK",
				);
				HEADER_SEARCH_PATHS = "${SLIB_PATH}/include";
				OTHER_LDFLAGS = "-ObjC";
				PRODUCT_NAME = "slib-facebook";
				SKIP_INSTALL = YES;
				TARGETED_DEVICE_FAMILY = "1,2";
			};
			name = Release;
		};
/* End XCBuildConfiguration section */

/* Begin XCConfigurationList section */
		26ACB3D3220979420093FF3F /* Build configuration list for PBXProject "SLibFacebook" */ = {
			isa = XCConfigurationList;
			buildConfigurations = (
				26ACB3DF220979420093FF3F /* Debug */,
				26ACB3E0220979420093FF3F /* Release */,
			);
			defaultConfigurationIsVisible = 0;
			defaultConfigurationName = Release;
		};
		26ACB40322098A260093FF3F /* Build configuration list for PBXNativeTarget "slib-facebook" */ = {
			isa = XCConfigurationList;
			buildConfigurations = (
				26ACB40422098A260093FF3F /* Debug */,
				26ACB40522098A260093FF3F /* Release */,
			);
			defaultConfigurationIsVisible = 0;
			defaultConfigurationName = Release;
		};
/* End XCConfigurationList section */
	};
	rootObject = 26ACB3D0220979420093FF3F /* Project object */;
}
